
Microsoft Visual Studio Solution File, Format Version 12.00
# Visual Studio Version 16
VisualStudioVersion = 16.0.30204.135
MinimumVisualStudioVersion = 10.0.40219.1
Project("{FAE04EC0-301F-11D3-BF4B-00C04F79EFBC}") = "Notice", "Notice\Notice.csproj", "{29EAA35D-0364-4938-9A40-AB569844E56B}"
EndProject
Global
	GlobalSection(SolutionConfigurationPlatforms) = preSolution
		Debug|Any CPU = Debug|Any CPU
		Release|Any CPU = Release|Any CPU
	EndGlobalSection
	GlobalSection(ProjectConfigurationPlatforms) = postSolution
		{29EAA35D-0364-4938-9A40-AB569844E56B}.Debug|Any CPU.ActiveCfg = Debug|Any CPU
		{29EAA35D-0364-4938-9A40-AB569844E56B}.Debug|Any CPU.Build.0 = Debug|Any CPU
		{29EAA35D-0364-4938-9A40-AB569844E56B}.Release|Any CPU.ActiveCfg = Release|Any CPU
		{29EAA35D-0364-4938-9A40-AB569844E56B}.Release|Any CPU.Build.0 = Release|Any CPU
	EndGlobalSection
	GlobalSection(SolutionProperties) = preSolution
		HideSolutionNode = FALSE
	EndGlobalSection
	GlobalSection(ExtensibilityGlobals) = postSolution
		SolutionGuid = {37ABDFA3-F430-49AD-8A20-1AB2DDF37AF3}
	EndGlobalSection
EndGlobal
